
Microsoft Visual Studio Solution File, Format Version 12.00
# Visual Studio Version 17
VisualStudioVersion = 17.1.32414.318
MinimumVisualStudioVersion = 10.0.40219.1
Project("{FAE04EC0-301F-11D3-BF4B-00C04F79EFBC}") = "lost_and_found_winforms_try1", "lost_and_found_winforms_try1\lost_and_found_winforms_try1.csproj", "{DFD83F98-9114-47B5-B3EF-93EB1BB5FD08}"
EndProject
Global
	GlobalSection(SolutionConfigurationPlatforms) = preSolution
		Debug|Any CPU = Debug|Any CPU
		Release|Any CPU = Release|Any CPU
	EndGlobalSection
	GlobalSection(ProjectConfigurationPlatforms) = postSolution
		{DFD83F98-9114-47B5-B3EF-93EB1BB5FD08}.Debug|Any CPU.ActiveCfg = Debug|Any CPU
		{DFD83F98-9114-47B5-B3EF-93EB1BB5FD08}.Debug|Any CPU.Build.0 = Debug|Any CPU
		{DFD83F98-9114-47B5-B3EF-93EB1BB5FD08}.Release|Any CPU.ActiveCfg = Release|Any CPU
		{DFD83F98-9114-47B5-B3EF-93EB1BB5FD08}.Release|Any CPU.Build.0 = Release|Any CPU
	EndGlobalSection
	GlobalSection(SolutionProperties) = preSolution
		HideSolutionNode = FALSE
	EndGlobalSection
	GlobalSection(ExtensibilityGlobals) = postSolution
		SolutionGuid = {54EED18D-65CA-45F3-89B2-85AAE0ED26B0}
	EndGlobalSection
EndGlobal
